
Microsoft Visual Studio Solution File, Format Version 12.00
Project("{FAE04EC0-301F-11D3-BF4B-00C04F79EFBC}") = "watchify", "watchify.csproj", "{D88EC9FF-B6E3-494C-8D40-1CFD7FFD4AEF}"
EndProject
Global
	GlobalSection(SolutionConfigurationPlatforms) = preSolution
		Debug|Any CPU = Debug|Any CPU
		Release|Any CPU = Release|Any CPU
	EndGlobalSection
	GlobalSection(ProjectConfigurationPlatforms) = postSolution
		{D88EC9FF-B6E3-494C-8D40-1CFD7FFD4AEF}.Debug|Any CPU.ActiveCfg = Debug|Any CPU
		{D88EC9FF-B6E3-494C-8D40-1CFD7FFD4AEF}.Debug|Any CPU.Build.0 = Debug|Any CPU
		{D88EC9FF-B6E3-494C-8D40-1CFD7FFD4AEF}.Release|Any CPU.ActiveCfg = Release|Any CPU
		{D88EC9FF-B6E3-494C-8D40-1CFD7FFD4AEF}.Release|Any CPU.Build.0 = Release|Any CPU
	EndGlobalSection
EndGlobal
